
Microsoft Visual Studio Solution File, Format Version 12.00
# Visual Studio 15
VisualStudioVersion = 15.0.28307.1062
MinimumVisualStudioVersion = 10.0.40219.1
Project("{FAE04EC0-301F-11D3-BF4B-00C04F79EFBC}") = "CaffeineBeverage", "CaffeineBeverage\CaffeineBeverage.csproj", "{4264349D-B77B-4952-9021-3DA9E17D9B5E}"
EndProject
Global
	GlobalSection(SolutionConfigurationPlatforms) = preSolution
		Debug|Any CPU = Debug|Any CPU
		Release|Any CPU = Release|Any CPU
	EndGlobalSection
	GlobalSection(ProjectConfigurationPlatforms) = postSolution
		{4264349D-B77B-4952-9021-3DA9E17D9B5E}.Debug|Any CPU.ActiveCfg = Debug|Any CPU
		{4264349D-B77B-4952-9021-3DA9E17D9B5E}.Debug|Any CPU.Build.0 = Debug|Any CPU
		{4264349D-B77B-4952-9021-3DA9E17D9B5E}.Release|Any CPU.ActiveCfg = Release|Any CPU
		{4264349D-B77B-4952-9021-3DA9E17D9B5E}.Release|Any CPU.Build.0 = Release|Any CPU
	EndGlobalSection
	GlobalSection(SolutionProperties) = preSolution
		HideSolutionNode = FALSE
	EndGlobalSection
	GlobalSection(ExtensibilityGlobals) = postSolution
		SolutionGuid = {09A10D3C-1612-4AF1-AB01-32678F911C42}
	EndGlobalSection
EndGlobal
