
Microsoft Visual Studio Solution File, Format Version 12.00
# Visual Studio 15
VisualStudioVersion = 15.0.28307.1062
MinimumVisualStudioVersion = 10.0.40219.1
Project("{FAE04EC0-301F-11D3-BF4B-00C04F79EFBC}") = "AdapterDuck", "AdapterDuck\AdapterDuck.csproj", "{8ECC7583-C31F-48B0-B571-34E46E6F99E8}"
EndProject
Global
	GlobalSection(SolutionConfigurationPlatforms) = preSolution
		Debug|Any CPU = Debug|Any CPU
		Release|Any CPU = Release|Any CPU
	EndGlobalSection
	GlobalSection(ProjectConfigurationPlatforms) = postSolution
		{8ECC7583-C31F-48B0-B571-34E46E6F99E8}.Debug|Any CPU.ActiveCfg = Debug|Any CPU
		{8ECC7583-C31F-48B0-B571-34E46E6F99E8}.Debug|Any CPU.Build.0 = Debug|Any CPU
		{8ECC7583-C31F-48B0-B571-34E46E6F99E8}.Release|Any CPU.ActiveCfg = Release|Any CPU
		{8ECC7583-C31F-48B0-B571-34E46E6F99E8}.Release|Any CPU.Build.0 = Release|Any CPU
	EndGlobalSection
	GlobalSection(SolutionProperties) = preSolution
		HideSolutionNode = FALSE
	EndGlobalSection
	GlobalSection(ExtensibilityGlobals) = postSolution
		SolutionGuid = {8CEE45CE-27F9-484C-89C9-ECDB9A27D748}
	EndGlobalSection
EndGlobal
